
Microsoft Visual Studio Solution File, Format Version 12.00
# Visual Studio Version 17
VisualStudioVersion = 17.13.35828.75 d17.13
MinimumVisualStudioVersion = 10.0.40219.1
Project("{FAE04EC0-301F-11D3-BF4B-00C04F79EFBC}") = "MedProSmile", "MedProSmile\MedProSmile.csproj", "{95175570-E5E8-4725-8AAE-588B164EFA94}"
EndProject
Global
	GlobalSection(SolutionConfigurationPlatforms) = preSolution
		Debug|Any CPU = Debug|Any CPU
		Release|Any CPU = Release|Any CPU
	EndGlobalSection
	GlobalSection(ProjectConfigurationPlatforms) = postSolution
		{95175570-E5E8-4725-8AAE-588B164EFA94}.Debug|Any CPU.ActiveCfg = Debug|Any CPU
		{95175570-E5E8-4725-8AAE-588B164EFA94}.Debug|Any CPU.Build.0 = Debug|Any CPU
		{95175570-E5E8-4725-8AAE-588B164EFA94}.Release|Any CPU.ActiveCfg = Release|Any CPU
		{95175570-E5E8-4725-8AAE-588B164EFA94}.Release|Any CPU.Build.0 = Release|Any CPU
	EndGlobalSection
	GlobalSection(SolutionProperties) = preSolution
		HideSolutionNode = FALSE
	EndGlobalSection
	GlobalSection(ExtensibilityGlobals) = postSolution
		SolutionGuid = {2DF2F42D-9C17-4282-ADD7-4BBF5EC5955E}
	EndGlobalSection
EndGlobal
